# generated by rye
# use `rye lock` or `rye sync` to update this lockfile
#
# last locked with the following flags:
#   pre: false
#   features: []
#   all-features: false
#   with-sources: false

-e file:.
chardet==5.2.0
    # via diff-cover
click==8.1.7
    # via typer
coverage==7.4.1
    # via pytest-cov
diff-cover==8.0.3
exceptiongroup==1.2.0
    # via pytest
execnet==2.0.2
    # via pytest-xdist
iniconfig==2.0.0
    # via pytest
iterfzf==1.1.0.44.0
    # via lumberman
jinja2==3.1.3
    # via diff-cover
markdown-it-py==3.0.0
    # via rich
markupsafe==2.1.5
    # via jinja2
mdurl==0.1.2
    # via markdown-it-py
nodeenv==1.8.0
    # via pyright
packaging==23.2
    # via pytest
    # via pytest-sugar
pluggy==1.4.0
    # via diff-cover
    # via pytest
pygments==2.17.2
    # via diff-cover
    # via rich
pyright==1.1.350
pytest==8.0.1
    # via pytest-cov
    # via pytest-sugar
    # via pytest-xdist
pytest-cov==4.1.0
pytest-sugar==1.0.0
pytest-xdist==3.5.0
rich==13.7.1
    # via lumberman
    # via typer
ruff==0.2.2
setuptools==69.1.0
    # via nodeenv
shellingham==1.5.4
    # via typer
termcolor==2.4.0
    # via pytest-sugar
tomli==2.0.1
    # via coverage
    # via pytest
typer==0.12.3
    # via lumberman
typing-extensions==4.9.0
    # via typer
